
Microsoft Visual Studio Solution File, Format Version 12.00
# Visual Studio Version 17
VisualStudioVersion = 17.4.33213.308
MinimumVisualStudioVersion = 10.0.40219.1
Project("{FAE04EC0-301F-11D3-BF4B-00C04F79EFBC}") = "Kata.Core", "CheckoutKata\Kata.Core.csproj", "{9C3DCEAF-5BD5-4FFC-A3CA-0F2CA1E6BFCF}"
EndProject
Project("{FAE04EC0-301F-11D3-BF4B-00C04F79EFBC}") = "Kata.Tests", "Kata.Tests\Kata.Tests.csproj", "{DAC9F72C-1F26-469B-89DA-66ED179969F2}"
EndProject
Global
	GlobalSection(SolutionConfigurationPlatforms) = preSolution
		Debug|Any CPU = Debug|Any CPU
		Release|Any CPU = Release|Any CPU
	EndGlobalSection
	GlobalSection(ProjectConfigurationPlatforms) = postSolution
		{9C3DCEAF-5BD5-4FFC-A3CA-0F2CA1E6BFCF}.Debug|Any CPU.ActiveCfg = Debug|Any CPU
		{9C3DCEAF-5BD5-4FFC-A3CA-0F2CA1E6BFCF}.Debug|Any CPU.Build.0 = Debug|Any CPU
		{9C3DCEAF-5BD5-4FFC-A3CA-0F2CA1E6BFCF}.Release|Any CPU.ActiveCfg = Release|Any CPU
		{9C3DCEAF-5BD5-4FFC-A3CA-0F2CA1E6BFCF}.Release|Any CPU.Build.0 = Release|Any CPU
		{DAC9F72C-1F26-469B-89DA-66ED179969F2}.Debug|Any CPU.ActiveCfg = Debug|Any CPU
		{DAC9F72C-1F26-469B-89DA-66ED179969F2}.Debug|Any CPU.Build.0 = Debug|Any CPU
		{DAC9F72C-1F26-469B-89DA-66ED179969F2}.Release|Any CPU.ActiveCfg = Release|Any CPU
		{DAC9F72C-1F26-469B-89DA-66ED179969F2}.Release|Any CPU.Build.0 = Release|Any CPU
	EndGlobalSection
	GlobalSection(SolutionProperties) = preSolution
		HideSolutionNode = FALSE
	EndGlobalSection
	GlobalSection(ExtensibilityGlobals) = postSolution
		SolutionGuid = {0F00B503-D4DB-47B3-8495-BE5272FAFBAF}
	EndGlobalSection
EndGlobal
